
Microsoft Visual Studio Solution File, Format Version 12.00
# Visual Studio Version 16
VisualStudioVersion = 16.0.30204.135
MinimumVisualStudioVersion = 10.0.40219.1
Project("{FAE04EC0-301F-11D3-BF4B-00C04F79EFBC}") = "QuickRematch", "QuickRematch.csproj", "{43D590C0-AC18-464D-A84E-05E3090F5316}"
EndProject
Global
	GlobalSection(SolutionConfigurationPlatforms) = preSolution
		Debug|Any CPU = Debug|Any CPU
		Release|Any CPU = Release|Any CPU
	EndGlobalSection
	GlobalSection(ProjectConfigurationPlatforms) = postSolution
		{43D590C0-AC18-464D-A84E-05E3090F5316}.Debug|Any CPU.ActiveCfg = Debug|Any CPU
		{43D590C0-AC18-464D-A84E-05E3090F5316}.Debug|Any CPU.Build.0 = Debug|Any CPU
		{43D590C0-AC18-464D-A84E-05E3090F5316}.Release|Any CPU.ActiveCfg = Release|Any CPU
		{43D590C0-AC18-464D-A84E-05E3090F5316}.Release|Any CPU.Build.0 = Release|Any CPU
	EndGlobalSection
	GlobalSection(SolutionProperties) = preSolution
		HideSolutionNode = FALSE
	EndGlobalSection
	GlobalSection(ExtensibilityGlobals) = postSolution
		SolutionGuid = {5775B18B-2254-4EF1-87B2-90FC8A5678A7}
	EndGlobalSection
EndGlobal
